// !$*UTF8*$!
{
	archiveVersion = 1;
	classes = {
	};
	objectVersion = 50;
	objects = {

/* Begin PBXBuildFile section */
		743315D9241B6DBD0042BB44 /* ButtonViewController.swift in Sources */ = {isa = PBXBuildFile; fileRef = 743315D8241B6DBD0042BB44 /* ButtonViewController.swift */; };
		7438AAA8228BEE0200D13BCD /* AppDelegate.swift in Sources */ = {isa = PBXBuildFile; fileRef = 7438AAA7228BEE0200D13BCD /* AppDelegate.swift */; };
		7438AAAA228BEE0200D13BCD /* ViewController.swift in Sources */ = {isa = PBXBuildFile; fileRef = 7438AAA9228BEE0200D13BCD /* ViewController.swift */; };
		7438AAAD228BEE0200D13BCD /* Main.storyboard in Resources */ = {isa = PBXBuildFile; fileRef = 7438AAAB228BEE0200D13BCD /* Main.storyboard */; };
		7438AAAF228BEE0300D13BCD /* Assets.xcassets in Resources */ = {isa = PBXBuildFile; fileRef = 7438AAAE228BEE0300D13BCD /* Assets.xcassets */; };
		7438AAB2228BEE0300D13BCD /* LaunchScreen.storyboard in Resources */ = {isa = PBXBuildFile; fileRef = 7438AAB0228BEE0300D13BCD /* LaunchScreen.storyboard */; };
		7438AABD228BEE0300D13BCD /* TestTests.swift in Sources */ = {isa = PBXBuildFile; fileRef = 7438AABC228BEE0300D13BCD /* TestTests.swift */; };
		7438AAC8228BEE0300D13BCD /* TestUITests.swift in Sources */ = {isa = PBXBuildFile; fileRef = 7438AAC7228BEE0300D13BCD /* TestUITests.swift */; };
		7438AAD9228BF69000D13BCD /* ModalViewController.swift in Sources */ = {isa = PBXBuildFile; fileRef = 7438AAD8228BF69000D13BCD /* ModalViewController.swift */; };
		743C1B57232F1DCD0012D2E1 /* ShadowCollectionvViewController.swift in Sources */ = {isa = PBXBuildFile; fileRef = 743C1B56232F1DCD0012D2E1 /* ShadowCollectionvViewController.swift */; };
		743C1B5A232F29320012D2E1 /* UIKit.swift in Sources */ = {isa = PBXBuildFile; fileRef = 743C1B59232F29320012D2E1 /* UIKit.swift */; };
		743C1B5C232F2F5E0012D2E1 /* ShadowCollectionViewCell.swift in Sources */ = {isa = PBXBuildFile; fileRef = 743C1B5B232F2F5E0012D2E1 /* ShadowCollectionViewCell.swift */; };
		743C1B5E233339A90012D2E1 /* ShadowReusableView.xib in Resources */ = {isa = PBXBuildFile; fileRef = 743C1B5D233339A90012D2E1 /* ShadowReusableView.xib */; };
		743C1B6223333B5D0012D2E1 /* ShadowReusableView.swift in Sources */ = {isa = PBXBuildFile; fileRef = 743C1B6123333B5D0012D2E1 /* ShadowReusableView.swift */; };
		7481CBA2253EAA9C009FFCA7 /* NavigationRootViewController.swift in Sources */ = {isa = PBXBuildFile; fileRef = 7481CBA1253EAA9C009FFCA7 /* NavigationRootViewController.swift */; };
		7481CBA7253EAAA5009FFCA7 /* NextViewController.swift in Sources */ = {isa = PBXBuildFile; fileRef = 7481CBA6253EAAA5009FFCA7 /* NextViewController.swift */; };
		74916E9B2547EA6600D7C50F /* ThreeViewController.swift in Sources */ = {isa = PBXBuildFile; fileRef = 74916E9A2547EA6600D7C50F /* ThreeViewController.swift */; };
		74E74D83257729EF00EF987E /* ScrollViewController.swift in Sources */ = {isa = PBXBuildFile; fileRef = 74E74D82257729EF00EF987E /* ScrollViewController.swift */; };
		74EC9829252ADFA900BBC7A3 /* ShadowRadiusViewController.swift in Sources */ = {isa = PBXBuildFile; fileRef = 74EC9828252ADFA900BBC7A3 /* ShadowRadiusViewController.swift */; };
		74EF05DF2554E4F100782296 /* CustomView.swift in Sources */ = {isa = PBXBuildFile; fileRef = 74EF05DE2554E4F100782296 /* CustomView.swift */; };
		74EF05E72554E4FA00782296 /* CustomView.xib in Resources */ = {isa = PBXBuildFile; fileRef = 74EF05E62554E4FA00782296 /* CustomView.xib */; };
		74F2D911228CEBDA00A2FE9F /* ModalAnimator.swift in Sources */ = {isa = PBXBuildFile; fileRef = 74F2D910228CEBDA00A2FE9F /* ModalAnimator.swift */; };
		74F2D913228CEFEB00A2FE9F /* ModalInteractor.swift in Sources */ = {isa = PBXBuildFile; fileRef = 74F2D912228CEFEB00A2FE9F /* ModalInteractor.swift */; };
/* End PBXBuildFile section */

/* Begin PBXContainerItemProxy section */
		7438AAB9228BEE0300D13BCD /* PBXContainerItemProxy */ = {
			isa = PBXContainerItemProxy;
			containerPortal = 7438AA9C228BEE0200D13BCD /* Project object */;
			proxyType = 1;
			remoteGlobalIDString = 7438AAA3228BEE0200D13BCD;
			remoteInfo = Test;
		};
		7438AAC4228BEE0300D13BCD /* PBXContainerItemProxy */ = {
			isa = PBXContainerItemProxy;
			containerPortal = 7438AA9C228BEE0200D13BCD /* Project object */;
			proxyType = 1;
			remoteGlobalIDString = 7438AAA3228BEE0200D13BCD;
			remoteInfo = Test;
		};
/* End PBXContainerItemProxy section */

/* Begin PBXFileReference section */
		743315D8241B6DBD0042BB44 /* ButtonViewController.swift */ = {isa = PBXFileReference; lastKnownFileType = sourcecode.swift; path = ButtonViewController.swift; sourceTree = "<group>"; };
		7438AAA4228BEE0200D13BCD /* Test.app */ = {isa = PBXFileReference; explicitFileType = wrapper.application; includeInIndex = 0; path = Test.app; sourceTree = BUILT_PRODUCTS_DIR; };
		7438AAA7228BEE0200D13BCD /* AppDelegate.swift */ = {isa = PBXFileReference; lastKnownFileType = sourcecode.swift; path = AppDelegate.swift; sourceTree = "<group>"; };
		7438AAA9228BEE0200D13BCD /* ViewController.swift */ = {isa = PBXFileReference; lastKnownFileType = sourcecode.swift; path = ViewController.swift; sourceTree = "<group>"; };
		7438AAAC228BEE0200D13BCD /* Base */ = {isa = PBXFileReference; lastKnownFileType = file.storyboard; name = Base; path = Base.lproj/Main.storyboard; sourceTree = "<group>"; };
		7438AAAE228BEE0300D13BCD /* Assets.xcassets */ = {isa = PBXFileReference; lastKnownFileType = folder.assetcatalog; path = Assets.xcassets; sourceTree = "<group>"; };
		7438AAB1228BEE0300D13BCD /* Base */ = {isa = PBXFileReference; lastKnownFileType = file.storyboard; name = Base; path = Base.lproj/LaunchScreen.storyboard; sourceTree = "<group>"; };
		7438AAB3228BEE0300D13BCD /* Info.plist */ = {isa = PBXFileReference; lastKnownFileType = text.plist.xml; path = Info.plist; sourceTree = "<group>"; };
		7438AAB8228BEE0300D13BCD /* TestTests.xctest */ = {isa = PBXFileReference; explicitFileType = wrapper.cfbundle; includeInIndex = 0; path = TestTests.xctest; sourceTree = BUILT_PRODUCTS_DIR; };
		7438AABC228BEE0300D13BCD /* TestTests.swift */ = {isa = PBXFileReference; lastKnownFileType = sourcecode.swift; path = TestTests.swift; sourceTree = "<group>"; };
		7438AABE228BEE0300D13BCD /* Info.plist */ = {isa = PBXFileReference; lastKnownFileType = text.plist.xml; path = Info.plist; sourceTree = "<group>"; };
		7438AAC3228BEE0300D13BCD /* TestUITests.xctest */ = {isa = PBXFileReference; explicitFileType = wrapper.cfbundle; includeInIndex = 0; path = TestUITests.xctest; sourceTree = BUILT_PRODUCTS_DIR; };
		7438AAC7228BEE0300D13BCD /* TestUITests.swift */ = {isa = PBXFileReference; lastKnownFileType = sourcecode.swift; path = TestUITests.swift; sourceTree = "<group>"; };
		7438AAC9228BEE0300D13BCD /* Info.plist */ = {isa = PBXFileReference; lastKnownFileType = text.plist.xml; path = Info.plist; sourceTree = "<group>"; };
		7438AAD8228BF69000D13BCD /* ModalViewController.swift */ = {isa = PBXFileReference; lastKnownFileType = sourcecode.swift; path = ModalViewController.swift; sourceTree = "<group>"; };
		743C1B56232F1DCD0012D2E1 /* ShadowCollectionvViewController.swift */ = {isa = PBXFileReference; lastKnownFileType = sourcecode.swift; path = ShadowCollectionvViewController.swift; sourceTree = "<group>"; };
		743C1B59232F29320012D2E1 /* UIKit.swift */ = {isa = PBXFileReference; lastKnownFileType = sourcecode.swift; path = UIKit.swift; sourceTree = "<group>"; };
		743C1B5B232F2F5E0012D2E1 /* ShadowCollectionViewCell.swift */ = {isa = PBXFileReference; lastKnownFileType = sourcecode.swift; path = ShadowCollectionViewCell.swift; sourceTree = "<group>"; };
		743C1B5D233339A90012D2E1 /* ShadowReusableView.xib */ = {isa = PBXFileReference; lastKnownFileType = file.xib; path = ShadowReusableView.xib; sourceTree = "<group>"; };
		743C1B6123333B5D0012D2E1 /* ShadowReusableView.swift */ = {isa = PBXFileReference; lastKnownFileType = sourcecode.swift; path = ShadowReusableView.swift; sourceTree = "<group>"; };
		7481CBA1253EAA9C009FFCA7 /* NavigationRootViewController.swift */ = {isa = PBXFileReference; lastKnownFileType = sourcecode.swift; path = NavigationRootViewController.swift; sourceTree = "<group>"; };
		7481CBA6253EAAA5009FFCA7 /* NextViewController.swift */ = {isa = PBXFileReference; lastKnownFileType = sourcecode.swift; path = NextViewController.swift; sourceTree = "<group>"; };
		74916E9A2547EA6600D7C50F /* ThreeViewController.swift */ = {isa = PBXFileReference; lastKnownFileType = sourcecode.swift; path = ThreeViewController.swift; sourceTree = "<group>"; };
		74E74D82257729EF00EF987E /* ScrollViewController.swift */ = {isa = PBXFileReference; lastKnownFileType = sourcecode.swift; path = ScrollViewController.swift; sourceTree = "<group>"; };
		74EC9828252ADFA900BBC7A3 /* ShadowRadiusViewController.swift */ = {isa = PBXFileReference; lastKnownFileType = sourcecode.swift; path = ShadowRadiusViewController.swift; sourceTree = "<group>"; };
		74EF05DE2554E4F100782296 /* CustomView.swift */ = {isa = PBXFileReference; lastKnownFileType = sourcecode.swift; path = CustomView.swift; sourceTree = "<group>"; };
		74EF05E62554E4FA00782296 /* CustomView.xib */ = {isa = PBXFileReference; lastKnownFileType = file.xib; path = CustomView.xib; sourceTree = "<group>"; };
		74F2D910228CEBDA00A2FE9F /* ModalAnimator.swift */ = {isa = PBXFileReference; lastKnownFileType = sourcecode.swift; path = ModalAnimator.swift; sourceTree = "<group>"; };
		74F2D912228CEFEB00A2FE9F /* ModalInteractor.swift */ = {isa = PBXFileReference; lastKnownFileType = sourcecode.swift; path = ModalInteractor.swift; sourceTree = "<group>"; };
/* End PBXFileReference section */

/* Begin PBXFrameworksBuildPhase section */
		7438AAA1228BEE0200D13BCD /* Frameworks */ = {
			isa = PBXFrameworksBuildPhase;
			buildActionMask = 2147483647;
			files = (
			);
			runOnlyForDeploymentPostprocessing = 0;
		};
		7438AAB5228BEE0300D13BCD /* Frameworks */ = {
			isa = PBXFrameworksBuildPhase;
			buildActionMask = 2147483647;
			files = (
			);
			runOnlyForDeploymentPostprocessing = 0;
		};
		7438AAC0228BEE0300D13BCD /* Frameworks */ = {
			isa = PBXFrameworksBuildPhase;
			buildActionMask = 2147483647;
			files = (
			);
			runOnlyForDeploymentPostprocessing = 0;
		};
/* End PBXFrameworksBuildPhase section */

/* Begin PBXGroup section */
		742E4C2323447A4200EA5DEE /* ShadowTableView */ = {
			isa = PBXGroup;
			children = (
			);
			path = ShadowTableView;
			sourceTree = "<group>";
		};
		743315D7241B6DA80042BB44 /* Button */ = {
			isa = PBXGroup;
			children = (
				743315D8241B6DBD0042BB44 /* ButtonViewController.swift */,
			);
			path = Button;
			sourceTree = "<group>";
		};
		7438AA9B228BEE0200D13BCD = {
			isa = PBXGroup;
			children = (
				7438AAA6228BEE0200D13BCD /* Test */,
				7438AABB228BEE0300D13BCD /* TestTests */,
				7438AAC6228BEE0300D13BCD /* TestUITests */,
				7438AAA5228BEE0200D13BCD /* Products */,
			);
			sourceTree = "<group>";
		};
		7438AAA5228BEE0200D13BCD /* Products */ = {
			isa = PBXGroup;
			children = (
				7438AAA4228BEE0200D13BCD /* Test.app */,
				7438AAB8228BEE0300D13BCD /* TestTests.xctest */,
				7438AAC3228BEE0300D13BCD /* TestUITests.xctest */,
			);
			name = Products;
			sourceTree = "<group>";
		};
		7438AAA6228BEE0200D13BCD /* Test */ = {
			isa = PBXGroup;
			children = (
				7438AAAB228BEE0200D13BCD /* Main.storyboard */,
				74E74D81257729DE00EF987E /* ScrollView */,
				74EF05DD2554E4B300782296 /* CustomView */,
				7481CB95253EAA3D009FFCA7 /* NavigationController */,
				74EC985D252B078300BBC7A3 /* StackView */,
				74EC9824252ADDB700BBC7A3 /* ShadowRadius */,
				742E4C2323447A4200EA5DEE /* ShadowTableView */,
				7438AAA9228BEE0200D13BCD /* ViewController.swift */,
				743315D7241B6DA80042BB44 /* Button */,
				743C1B58232F29240012D2E1 /* Extension */,
				743C1B55232F19D90012D2E1 /* ShadowCollectionView */,
				7438AAD5228BF64600D13BCD /* Modal */,
				7438AAA7228BEE0200D13BCD /* AppDelegate.swift */,
				7438AAAE228BEE0300D13BCD /* Assets.xcassets */,
				7438AAB0228BEE0300D13BCD /* LaunchScreen.storyboard */,
				7438AAB3228BEE0300D13BCD /* Info.plist */,
			);
			path = Test;
			sourceTree = "<group>";
		};
		7438AABB228BEE0300D13BCD /* TestTests */ = {
			isa = PBXGroup;
			children = (
				7438AABC228BEE0300D13BCD /* TestTests.swift */,
				7438AABE228BEE0300D13BCD /* Info.plist */,
			);
			path = TestTests;
			sourceTree = "<group>";
		};
		7438AAC6228BEE0300D13BCD /* TestUITests */ = {
			isa = PBXGroup;
			children = (
				7438AAC7228BEE0300D13BCD /* TestUITests.swift */,
				7438AAC9228BEE0300D13BCD /* Info.plist */,
			);
			path = TestUITests;
			sourceTree = "<group>";
		};
		7438AAD5228BF64600D13BCD /* Modal */ = {
			isa = PBXGroup;
			children = (
				7438AAD8228BF69000D13BCD /* ModalViewController.swift */,
				74F2D910228CEBDA00A2FE9F /* ModalAnimator.swift */,
				74F2D912228CEFEB00A2FE9F /* ModalInteractor.swift */,
			);
			path = Modal;
			sourceTree = "<group>";
		};
		743C1B55232F19D90012D2E1 /* ShadowCollectionView */ = {
			isa = PBXGroup;
			children = (
				743C1B56232F1DCD0012D2E1 /* ShadowCollectionvViewController.swift */,
				743C1B5B232F2F5E0012D2E1 /* ShadowCollectionViewCell.swift */,
				743C1B5D233339A90012D2E1 /* ShadowReusableView.xib */,
				743C1B6123333B5D0012D2E1 /* ShadowReusableView.swift */,
			);
			path = ShadowCollectionView;
			sourceTree = "<group>";
		};
		743C1B58232F29240012D2E1 /* Extension */ = {
			isa = PBXGroup;
			children = (
				743C1B59232F29320012D2E1 /* UIKit.swift */,
			);
			path = Extension;
			sourceTree = "<group>";
		};
		7481CB95253EAA3D009FFCA7 /* NavigationController */ = {
			isa = PBXGroup;
			children = (
				7481CBA1253EAA9C009FFCA7 /* NavigationRootViewController.swift */,
				7481CBA6253EAAA5009FFCA7 /* NextViewController.swift */,
				74916E9A2547EA6600D7C50F /* ThreeViewController.swift */,
			);
			path = NavigationController;
			sourceTree = "<group>";
		};
		74E74D81257729DE00EF987E /* ScrollView */ = {
			isa = PBXGroup;
			children = (
				74E74D82257729EF00EF987E /* ScrollViewController.swift */,
			);
			path = ScrollView;
			sourceTree = "<group>";
		};
		74EC9824252ADDB700BBC7A3 /* ShadowRadius */ = {
			isa = PBXGroup;
			children = (
				74EC9828252ADFA900BBC7A3 /* ShadowRadiusViewController.swift */,
			);
			path = ShadowRadius;
			sourceTree = "<group>";
		};
		74EC985D252B078300BBC7A3 /* StackView */ = {
			isa = PBXGroup;
			children = (
			);
			path = StackView;
			sourceTree = "<group>";
		};
		74EF05DD2554E4B300782296 /* CustomView */ = {
			isa = PBXGroup;
			children = (
				74EF05DE2554E4F100782296 /* CustomView.swift */,
				74EF05E62554E4FA00782296 /* CustomView.xib */,
			);
			path = CustomView;
			sourceTree = "<group>";
		};
/* End PBXGroup section */

/* Begin PBXNativeTarget section */
		7438AAA3228BEE0200D13BCD /* Test */ = {
			isa = PBXNativeTarget;
			buildConfigurationList = 7438AACC228BEE0300D13BCD /* Build configuration list for PBXNativeTarget "Test" */;
			buildPhases = (
				7438AAA0228BEE0200D13BCD /* Sources */,
				7438AAA1228BEE0200D13BCD /* Frameworks */,
				7438AAA2228BEE0200D13BCD /* Resources */,
			);
			buildRules = (
			);
			dependencies = (
			);
			name = Test;
			productName = Test;
			productReference = 7438AAA4228BEE0200D13BCD /* Test.app */;
			productType = "com.apple.product-type.application";
		};
		7438AAB7228BEE0300D13BCD /* TestTests */ = {
			isa = PBXNativeTarget;
			buildConfigurationList = 7438AACF228BEE0300D13BCD /* Build configuration list for PBXNativeTarget "TestTests" */;
			buildPhases = (
				7438AAB4228BEE0300D13BCD /* Sources */,
				7438AAB5228BEE0300D13BCD /* Frameworks */,
				7438AAB6228BEE0300D13BCD /* Resources */,
			);
			buildRules = (
			);
			dependencies = (
				7438AABA228BEE0300D13BCD /* PBXTargetDependency */,
			);
			name = TestTests;
			productName = TestTests;
			productReference = 7438AAB8228BEE0300D13BCD /* TestTests.xctest */;
			productType = "com.apple.product-type.bundle.unit-test";
		};
		7438AAC2228BEE0300D13BCD /* TestUITests */ = {
			isa = PBXNativeTarget;
			buildConfigurationList = 7438AAD2228BEE0300D13BCD /* Build configuration list for PBXNativeTarget "TestUITests" */;
			buildPhases = (
				7438AABF228BEE0300D13BCD /* Sources */,
				7438AAC0228BEE0300D13BCD /* Frameworks */,
				7438AAC1228BEE0300D13BCD /* Resources */,
			);
			buildRules = (
			);
			dependencies = (
				7438AAC5228BEE0300D13BCD /* PBXTargetDependency */,
			);
			name = TestUITests;
			productName = TestUITests;
			productReference = 7438AAC3228BEE0300D13BCD /* TestUITests.xctest */;
			productType = "com.apple.product-type.bundle.ui-testing";
		};
/* End PBXNativeTarget section */

/* Begin PBXProject section */
		7438AA9C228BEE0200D13BCD /* Project object */ = {
			isa = PBXProject;
			attributes = {
				LastSwiftUpdateCheck = 1010;
				LastUpgradeCheck = 1010;
				ORGANIZATIONNAME = "Jinsu. Park";
				TargetAttributes = {
					7438AAA3228BEE0200D13BCD = {
						CreatedOnToolsVersion = 10.1;
					};
					7438AAB7228BEE0300D13BCD = {
						CreatedOnToolsVersion = 10.1;
						TestTargetID = 7438AAA3228BEE0200D13BCD;
					};
					7438AAC2228BEE0300D13BCD = {
						CreatedOnToolsVersion = 10.1;
						TestTargetID = 7438AAA3228BEE0200D13BCD;
					};
				};
			};
			buildConfigurationList = 7438AA9F228BEE0200D13BCD /* Build configuration list for PBXProject "Test" */;
			compatibilityVersion = "Xcode 9.3";
			developmentRegion = en;
			hasScannedForEncodings = 0;
			knownRegions = (
				en,
				Base,
			);
			mainGroup = 7438AA9B228BEE0200D13BCD;
			productRefGroup = 7438AAA5228BEE0200D13BCD /* Products */;
			projectDirPath = "";
			projectRoot = "";
			targets = (
				7438AAA3228BEE0200D13BCD /* Test */,
				7438AAB7228BEE0300D13BCD /* TestTests */,
				7438AAC2228BEE0300D13BCD /* TestUITests */,
			);
		};
/* End PBXProject section */

/* Begin PBXResourcesBuildPhase section */
		7438AAA2228BEE0200D13BCD /* Resources */ = {
			isa = PBXResourcesBuildPhase;
			buildActionMask = 2147483647;
			files = (
				7438AAB2228BEE0300D13BCD /* LaunchScreen.storyboard in Resources */,
				74EF05E72554E4FA00782296 /* CustomView.xib in Resources */,
				743C1B5E233339A90012D2E1 /* ShadowReusableView.xib in Resources */,
				7438AAAF228BEE0300D13BCD /* Assets.xcassets in Resources */,
				7438AAAD228BEE0200D13BCD /* Main.storyboard in Resources */,
			);
			runOnlyForDeploymentPostprocessing = 0;
		};
		7438AAB6228BEE0300D13BCD /* Resources */ = {
			isa = PBXResourcesBuildPhase;
			buildActionMask = 2147483647;
			files = (
			);
			runOnlyForDeploymentPostprocessing = 0;
		};
		7438AAC1228BEE0300D13BCD /* Resources */ = {
			isa = PBXResourcesBuildPhase;
			buildActionMask = 2147483647;
			files = (
			);
			runOnlyForDeploymentPostprocessing = 0;
		};
/* End PBXResourcesBuildPhase section */

/* Begin PBXSourcesBuildPhase section */
		7438AAA0228BEE0200D13BCD /* Sources */ = {
			isa = PBXSourcesBuildPhase;
			buildActionMask = 2147483647;
			files = (
				74EF05DF2554E4F100782296 /* CustomView.swift in Sources */,
				7438AAAA228BEE0200D13BCD /* ViewController.swift in Sources */,
				74F2D913228CEFEB00A2FE9F /* ModalInteractor.swift in Sources */,
				74E74D83257729EF00EF987E /* ScrollViewController.swift in Sources */,
				7438AAD9228BF69000D13BCD /* ModalViewController.swift in Sources */,
				743C1B6223333B5D0012D2E1 /* ShadowReusableView.swift in Sources */,
				7481CBA2253EAA9C009FFCA7 /* NavigationRootViewController.swift in Sources */,
				743C1B5A232F29320012D2E1 /* UIKit.swift in Sources */,
				7481CBA7253EAAA5009FFCA7 /* NextViewController.swift in Sources */,
				74916E9B2547EA6600D7C50F /* ThreeViewController.swift in Sources */,
				74EC9829252ADFA900BBC7A3 /* ShadowRadiusViewController.swift in Sources */,
				74F2D911228CEBDA00A2FE9F /* ModalAnimator.swift in Sources */,
				7438AAA8228BEE0200D13BCD /* AppDelegate.swift in Sources */,
				743C1B5C232F2F5E0012D2E1 /* ShadowCollectionViewCell.swift in Sources */,
				743315D9241B6DBD0042BB44 /* ButtonViewController.swift in Sources */,
				743C1B57232F1DCD0012D2E1 /* ShadowCollectionvViewController.swift in Sources */,
			);
			runOnlyForDeploymentPostprocessing = 0;
		};
		7438AAB4228BEE0300D13BCD /* Sources */ = {
			isa = PBXSourcesBuildPhase;
			buildActionMask = 2147483647;
			files = (
				7438AABD228BEE0300D13BCD /* TestTests.swift in Sources */,
			);
			runOnlyForDeploymentPostprocessing = 0;
		};
		7438AABF228BEE0300D13BCD /* Sources */ = {
			isa = PBXSourcesBuildPhase;
			buildActionMask = 2147483647;
			files = (
				7438AAC8228BEE0300D13BCD /* TestUITests.swift in Sources */,
			);
			runOnlyForDeploymentPostprocessing = 0;
		};
/* End PBXSourcesBuildPhase section */

/* Begin PBXTargetDependency section */
		7438AABA228BEE0300D13BCD /* PBXTargetDependency */ = {
			isa = PBXTargetDependency;
			target = 7438AAA3228BEE0200D13BCD /* Test */;
			targetProxy = 7438AAB9228BEE0300D13BCD /* PBXContainerItemProxy */;
		};
		7438AAC5228BEE0300D13BCD /* PBXTargetDependency */ = {
			isa = PBXTargetDependency;
			target = 7438AAA3228BEE0200D13BCD /* Test */;
			targetProxy = 7438AAC4228BEE0300D13BCD /* PBXContainerItemProxy */;
		};
/* End PBXTargetDependency section */

/* Begin PBXVariantGroup section */
		7438AAAB228BEE0200D13BCD /* Main.storyboard */ = {
			isa = PBXVariantGroup;
			children = (
				7438AAAC228BEE0200D13BCD /* Base */,
			);
			name = Main.storyboard;
			sourceTree = "<group>";
		};
		7438AAB0228BEE0300D13BCD /* LaunchScreen.storyboard */ = {
			isa = PBXVariantGroup;
			children = (
				7438AAB1228BEE0300D13BCD /* Base */,
			);
			name = LaunchScreen.storyboard;
			sourceTree = "<group>";
		};
/* End PBXVariantGroup section */

/* Begin XCBuildConfiguration section */
		7438AACA228BEE0300D13BCD /* Debug */ = {
			isa = XCBuildConfiguration;
			buildSettings = {
				ALWAYS_SEARCH_USER_PATHS = NO;
				CLANG_ANALYZER_NONNULL = YES;
				CLANG_ANALYZER_NUMBER_OBJECT_CONVERSION = YES_AGGRESSIVE;
				CLANG_CXX_LANGUAGE_STANDARD = "gnu++14";
				CLANG_CXX_LIBRARY = "libc++";
				CLANG_ENABLE_MODULES = YES;
				CLANG_ENABLE_OBJC_ARC = YES;
				CLANG_ENABLE_OBJC_WEAK = YES;
				CLANG_WARN_BLOCK_CAPTURE_AUTORELEASING = YES;
				CLANG_WARN_BOOL_CONVERSION = YES;
				CLANG_WARN_COMMA = YES;
				CLANG_WARN_CONSTANT_CONVERSION = YES;
				CLANG_WARN_DEPRECATED_OBJC_IMPLEMENTATIONS = YES;
				CLANG_WARN_DIRECT_OBJC_ISA_USAGE = YES_ERROR;
				CLANG_WARN_DOCUMENTATION_COMMENTS = YES;
				CLANG_WARN_EMPTY_BODY = YES;
				CLANG_WARN_ENUM_CONVERSION = YES;
				CLANG_WARN_INFINITE_RECURSION = YES;
				CLANG_WARN_INT_CONVERSION = YES;
				CLANG_WARN_NON_LITERAL_NULL_CONVERSION = YES;
				CLANG_WARN_OBJC_IMPLICIT_RETAIN_SELF = YES;
				CLANG_WARN_OBJC_LITERAL_CONVERSION = YES;
				CLANG_WARN_OBJC_ROOT_CLASS = YES_ERROR;
				CLANG_WARN_RANGE_LOOP_ANALYSIS = YES;
				CLANG_WARN_STRICT_PROTOTYPES = YES;
				CLANG_WARN_SUSPICIOUS_MOVE = YES;
				CLANG_WARN_UNGUARDED_AVAILABILITY = YES_AGGRESSIVE;
				CLANG_WARN_UNREACHABLE_CODE = YES;
				CLANG_WARN__DUPLICATE_METHOD_MATCH = YES;
				CODE_SIGN_IDENTITY = "iPhone Developer";
				COPY_PHASE_STRIP = NO;
				DEBUG_INFORMATION_FORMAT = dwarf;
				ENABLE_STRICT_OBJC_MSGSEND = YES;
				ENABLE_TESTABILITY = YES;
				GCC_C_LANGUAGE_STANDARD = gnu11;
				GCC_DYNAMIC_NO_PIC = NO;
				GCC_NO_COMMON_BLOCKS = YES;
				GCC_OPTIMIZATION_LEVEL = 0;
				GCC_PREPROCESSOR_DEFINITIONS = (
					"DEBUG=1",
					"$(inherited)",
				);
				GCC_WARN_64_TO_32_BIT_CONVERSION = YES;
				GCC_WARN_ABOUT_RETURN_TYPE = YES_ERROR;
				GCC_WARN_UNDECLARED_SELECTOR = YES;
				GCC_WARN_UNINITIALIZED_AUTOS = YES_AGGRESSIVE;
				GCC_WARN_UNUSED_FUNCTION = YES;
				GCC_WARN_UNUSED_VARIABLE = YES;
				IPHONEOS_DEPLOYMENT_TARGET = 12.0;
				MTL_ENABLE_DEBUG_INFO = INCLUDE_SOURCE;
				MTL_FAST_MATH = YES;
				ONLY_ACTIVE_ARCH = YES;
				SDKROOT = iphoneos;
				SWIFT_ACTIVE_COMPILATION_CONDITIONS = DEBUG;
				SWIFT_OPTIMIZATION_LEVEL = "-Onone";
			};
			name = Debug;
		};
		7438AACB228BEE0300D13BCD /* Release */ = {
			isa = XCBuildConfiguration;
			buildSettings = {
				ALWAYS_SEARCH_USER_PATHS = NO;
				CLANG_ANALYZER_NONNULL = YES;
				CLANG_ANALYZER_NUMBER_OBJECT_CONVERSION = YES_AGGRESSIVE;
				CLANG_CXX_LANGUAGE_STANDARD = "gnu++14";
				CLANG_CXX_LIBRARY = "libc++";
				CLANG_ENABLE_MODULES = YES;
				CLANG_ENABLE_OBJC_ARC = YES;
				CLANG_ENABLE_OBJC_WEAK = YES;
				CLANG_WARN_BLOCK_CAPTURE_AUTORELEASING = YES;
				CLANG_WARN_BOOL_CONVERSION = YES;
				CLANG_WARN_COMMA = YES;
				CLANG_WARN_CONSTANT_CONVERSION = YES;
				CLANG_WARN_DEPRECATED_OBJC_IMPLEMENTATIONS = YES;
				CLANG_WARN_DIRECT_OBJC_ISA_USAGE = YES_ERROR;
				CLANG_WARN_DOCUMENTATION_COMMENTS = YES;
				CLANG_WARN_EMPTY_BODY = YES;
				CLANG_WARN_ENUM_CONVERSION = YES;
				CLANG_WARN_INFINITE_RECURSION = YES;
				CLANG_WARN_INT_CONVERSION = YES;
				CLANG_WARN_NON_LITERAL_NULL_CONVERSION = YES;
				CLANG_WARN_OBJC_IMPLICIT_RETAIN_SELF = YES;
				CLANG_WARN_OBJC_LITERAL_CONVERSION = YES;
				CLANG_WARN_OBJC_ROOT_CLASS = YES_ERROR;
				CLANG_WARN_RANGE_LOOP_ANALYSIS = YES;
				CLANG_WARN_STRICT_PROTOTYPES = YES;
				CLANG_WARN_SUSPICIOUS_MOVE = YES;
				CLANG_WARN_UNGUARDED_AVAILABILITY = YES_AGGRESSIVE;
				CLANG_WARN_UNREACHABLE_CODE = YES;
				CLANG_WARN__DUPLICATE_METHOD_MATCH = YES;
				CODE_SIGN_IDENTITY = "iPhone Developer";
				COPY_PHASE_STRIP = NO;
				DEBUG_INFORMATION_FORMAT = "dwarf-with-dsym";
				ENABLE_NS_ASSERTIONS = NO;
				ENABLE_STRICT_OBJC_MSGSEND = YES;
				GCC_C_LANGUAGE_STANDARD = gnu11;
				GCC_NO_COMMON_BLOCKS = YES;
				GCC_WARN_64_TO_32_BIT_CONVERSION = YES;
				GCC_WARN_ABOUT_RETURN_TYPE = YES_ERROR;
				GCC_WARN_UNDECLARED_SELECTOR = YES;
				GCC_WARN_UNINITIALIZED_AUTOS = YES_AGGRESSIVE;
				GCC_WARN_UNUSED_FUNCTION = YES;
				GCC_WARN_UNUSED_VARIABLE = YES;
				IPHONEOS_DEPLOYMENT_TARGET = 12.0;
				MTL_ENABLE_DEBUG_INFO = NO;
				MTL_FAST_MATH = YES;
				SDKROOT = iphoneos;
				SWIFT_COMPILATION_MODE = wholemodule;
				SWIFT_OPTIMIZATION_LEVEL = "-O";
				VALIDATE_PRODUCT = YES;
			};
			name = Release;
		};
		7438AACD228BEE0300D13BCD /* Debug */ = {
			isa = XCBuildConfiguration;
			buildSettings = {
				ASSETCATALOG_COMPILER_APPICON_NAME = AppIcon;
				CODE_SIGN_STYLE = Automatic;
				DEVELOPMENT_TEAM = AL9L4NE9HL;
				INFOPLIST_FILE = Test/Info.plist;
				IPHONEOS_DEPLOYMENT_TARGET = 12.0;
				LD_RUNPATH_SEARCH_PATHS = (
					"$(inherited)",
					"@executable_path/Frameworks",
				);
				PRODUCT_BUNDLE_IDENTIFIER = com.jinsu.Test;
				PRODUCT_NAME = "$(TARGET_NAME)";
				SWIFT_VERSION = 4.2;
				TARGETED_DEVICE_FAMILY = "1,2";
			};
			name = Debug;
		};
		7438AACE228BEE0300D13BCD /* Release */ = {
			isa = XCBuildConfiguration;
			buildSettings = {
				ASSETCATALOG_COMPILER_APPICON_NAME = AppIcon;
				CODE_SIGN_STYLE = Automatic;
				DEVELOPMENT_TEAM = AL9L4NE9HL;
				INFOPLIST_FILE = Test/Info.plist;
				IPHONEOS_DEPLOYMENT_TARGET = 12.0;
				LD_RUNPATH_SEARCH_PATHS = (
					"$(inherited)",
					"@executable_path/Frameworks",
				);
				PRODUCT_BUNDLE_IDENTIFIER = com.jinsu.Test;
				PRODUCT_NAME = "$(TARGET_NAME)";
				SWIFT_VERSION = 4.2;
				TARGETED_DEVICE_FAMILY = "1,2";
			};
			name = Release;
		};
		7438AAD0228BEE0300D13BCD /* Debug */ = {
			isa = XCBuildConfiguration;
			buildSettings = {
				ALWAYS_EMBED_SWIFT_STANDARD_LIBRARIES = YES;
				BUNDLE_LOADER = "$(TEST_HOST)";
				CODE_SIGN_STYLE = Automatic;
				INFOPLIST_FILE = TestTests/Info.plist;
				LD_RUNPATH_SEARCH_PATHS = (
					"$(inherited)",
					"@executable_path/Frameworks",
					"@loader_path/Frameworks",
				);
				PRODUCT_BUNDLE_IDENTIFIER = com.jinsu.TestTests;
				PRODUCT_NAME = "$(TARGET_NAME)";
				SWIFT_VERSION = 4.2;
				TARGETED_DEVICE_FAMILY = "1,2";
				TEST_HOST = "$(BUILT_PRODUCTS_DIR)/Test.app/Test";
			};
			name = Debug;
		};
		7438AAD1228BEE0300D13BCD /* Release */ = {
			isa = XCBuildConfiguration;
			buildSettings = {
				ALWAYS_EMBED_SWIFT_STANDARD_LIBRARIES = YES;
				BUNDLE_LOADER = "$(TEST_HOST)";
				CODE_SIGN_STYLE = Automatic;
				INFOPLIST_FILE = TestTests/Info.plist;
				LD_RUNPATH_SEARCH_PATHS = (
					"$(inherited)",
					"@executable_path/Frameworks",
					"@loader_path/Frameworks",
				);
				PRODUCT_BUNDLE_IDENTIFIER = com.jinsu.TestTests;
				PRODUCT_NAME = "$(TARGET_NAME)";
				SWIFT_VERSION = 4.2;
				TARGETED_DEVICE_FAMILY = "1,2";
				TEST_HOST = "$(BUILT_PRODUCTS_DIR)/Test.app/Test";
			};
			name = Release;
		};
		7438AAD3228BEE0300D13BCD /* Debug */ = {
			isa = XCBuildConfiguration;
			buildSettings = {
				ALWAYS_EMBED_SWIFT_STANDARD_LIBRARIES = YES;
				CODE_SIGN_STYLE = Automatic;
				INFOPLIST_FILE = TestUITests/Info.plist;
				LD_RUNPATH_SEARCH_PATHS = (
					"$(inherited)",
					"@executable_path/Frameworks",
					"@loader_path/Frameworks",
				);
				PRODUCT_BUNDLE_IDENTIFIER = com.jinsu.TestUITests;
				PRODUCT_NAME = "$(TARGET_NAME)";
				SWIFT_VERSION = 4.2;
				TARGETED_DEVICE_FAMILY = "1,2";
				TEST_TARGET_NAME = Test;
			};
			name = Debug;
		};
		7438AAD4228BEE0300D13BCD /* Release */ = {
			isa = XCBuildConfiguration;
			buildSettings = {
				ALWAYS_EMBED_SWIFT_STANDARD_LIBRARIES = YES;
				CODE_SIGN_STYLE = Automatic;
				INFOPLIST_FILE = TestUITests/Info.plist;
				LD_RUNPATH_SEARCH_PATHS = (
					"$(inherited)",
					"@executable_path/Frameworks",
					"@loader_path/Frameworks",
				);
				PRODUCT_BUNDLE_IDENTIFIER = com.jinsu.TestUITests;
				PRODUCT_NAME = "$(TARGET_NAME)";
				SWIFT_VERSION = 4.2;
				TARGETED_DEVICE_FAMILY = "1,2";
				TEST_TARGET_NAME = Test;
			};
			name = Release;
		};
/* End XCBuildConfiguration section */

/* Begin XCConfigurationList section */
		7438AA9F228BEE0200D13BCD /* Build configuration list for PBXProject "Test" */ = {
			isa = XCConfigurationList;
			buildConfigurations = (
				7438AACA228BEE0300D13BCD /* Debug */,
				7438AACB228BEE0300D13BCD /* Release */,
			);
			defaultConfigurationIsVisible = 0;
			defaultConfigurationName = Release;
		};
		7438AACC228BEE0300D13BCD /* Build configuration list for PBXNativeTarget "Test" */ = {
			isa = XCConfigurationList;
			buildConfigurations = (
				7438AACD228BEE0300D13BCD /* Debug */,
				7438AACE228BEE0300D13BCD /* Release */,
			);
			defaultConfigurationIsVisible = 0;
			defaultConfigurationName = Release;
		};
		7438AACF228BEE0300D13BCD /* Build configuration list for PBXNativeTarget "TestTests" */ = {
			isa = XCConfigurationList;
			buildConfigurations = (
				7438AAD0228BEE0300D13BCD /* Debug */,
				7438AAD1228BEE0300D13BCD /* Release */,
			);
			defaultConfigurationIsVisible = 0;
			defaultConfigurationName = Release;
		};
		7438AAD2228BEE0300D13BCD /* Build configuration list for PBXNativeTarget "TestUITests" */ = {
			isa = XCConfigurationList;
			buildConfigurations = (
				7438AAD3228BEE0300D13BCD /* Debug */,
				7438AAD4228BEE0300D13BCD /* Release */,
			);
			defaultConfigurationIsVisible = 0;
			defaultConfigurationName = Release;
		};
/* End XCConfigurationList section */
	};
	rootObject = 7438AA9C228BEE0200D13BCD /* Project object */;
}
